
Microsoft Visual Studio Solution File, Format Version 12.00
Project("{FAE04EC0-301F-11D3-BF4B-00C04F79EFBC}") = "Function1", "Function1\Function1.csproj", "{D8F1257F-E976-4E72-9D9E-0BAF97F97FC6}"
EndProject
Project("{FAE04EC0-301F-11D3-BF4B-00C04F79EFBC}") = "Calculate", "Calculate\Calculate.csproj", "{E661D769-8C50-40EB-ADF9-A495E82FE0A5}"
EndProject
Project("{FAE04EC0-301F-11D3-BF4B-00C04F79EFBC}") = "Function2", "Function2\Function2.csproj", "{D8626A6D-AAFF-4426-AD94-64B817530B37}"
EndProject
Project("{FAE04EC0-301F-11D3-BF4B-00C04F79EFBC}") = "Function3", "Function3\Function3.csproj", "{00AC2696-42C4-4973-88A6-8C8861F15926}"
EndProject
Global
	GlobalSection(SolutionConfigurationPlatforms) = preSolution
		Debug|Any CPU = Debug|Any CPU
		Release|Any CPU = Release|Any CPU
	EndGlobalSection
	GlobalSection(ProjectConfigurationPlatforms) = postSolution
		{D8F1257F-E976-4E72-9D9E-0BAF97F97FC6}.Debug|Any CPU.ActiveCfg = Debug|Any CPU
		{D8F1257F-E976-4E72-9D9E-0BAF97F97FC6}.Debug|Any CPU.Build.0 = Debug|Any CPU
		{D8F1257F-E976-4E72-9D9E-0BAF97F97FC6}.Release|Any CPU.ActiveCfg = Release|Any CPU
		{D8F1257F-E976-4E72-9D9E-0BAF97F97FC6}.Release|Any CPU.Build.0 = Release|Any CPU
		{E661D769-8C50-40EB-ADF9-A495E82FE0A5}.Debug|Any CPU.ActiveCfg = Debug|Any CPU
		{E661D769-8C50-40EB-ADF9-A495E82FE0A5}.Debug|Any CPU.Build.0 = Debug|Any CPU
		{E661D769-8C50-40EB-ADF9-A495E82FE0A5}.Release|Any CPU.ActiveCfg = Release|Any CPU
		{E661D769-8C50-40EB-ADF9-A495E82FE0A5}.Release|Any CPU.Build.0 = Release|Any CPU
		{D8626A6D-AAFF-4426-AD94-64B817530B37}.Debug|Any CPU.ActiveCfg = Debug|Any CPU
		{D8626A6D-AAFF-4426-AD94-64B817530B37}.Debug|Any CPU.Build.0 = Debug|Any CPU
		{D8626A6D-AAFF-4426-AD94-64B817530B37}.Release|Any CPU.ActiveCfg = Release|Any CPU
		{D8626A6D-AAFF-4426-AD94-64B817530B37}.Release|Any CPU.Build.0 = Release|Any CPU
		{00AC2696-42C4-4973-88A6-8C8861F15926}.Debug|Any CPU.ActiveCfg = Debug|Any CPU
		{00AC2696-42C4-4973-88A6-8C8861F15926}.Debug|Any CPU.Build.0 = Debug|Any CPU
		{00AC2696-42C4-4973-88A6-8C8861F15926}.Release|Any CPU.ActiveCfg = Release|Any CPU
		{00AC2696-42C4-4973-88A6-8C8861F15926}.Release|Any CPU.Build.0 = Release|Any CPU
	EndGlobalSection
EndGlobal
